
Microsoft Visual Studio Solution File, Format Version 12.00
# Visual Studio Version 16
VisualStudioVersion = 16.0.30621.155
MinimumVisualStudioVersion = 10.0.40219.1
Project("{FAE04EC0-301F-11D3-BF4B-00C04F79EFBC}") = "Park", "Park\Park.csproj", "{881CF484-16F7-4813-AAF3-BC65786BB8C2}"
EndProject
Global
	GlobalSection(SolutionConfigurationPlatforms) = preSolution
		Debug|Any CPU = Debug|Any CPU
		Release|Any CPU = Release|Any CPU
	EndGlobalSection
	GlobalSection(ProjectConfigurationPlatforms) = postSolution
		{881CF484-16F7-4813-AAF3-BC65786BB8C2}.Debug|Any CPU.ActiveCfg = Debug|Any CPU
		{881CF484-16F7-4813-AAF3-BC65786BB8C2}.Debug|Any CPU.Build.0 = Debug|Any CPU
		{881CF484-16F7-4813-AAF3-BC65786BB8C2}.Release|Any CPU.ActiveCfg = Release|Any CPU
		{881CF484-16F7-4813-AAF3-BC65786BB8C2}.Release|Any CPU.Build.0 = Release|Any CPU
	EndGlobalSection
	GlobalSection(SolutionProperties) = preSolution
		HideSolutionNode = FALSE
	EndGlobalSection
	GlobalSection(ExtensibilityGlobals) = postSolution
		SolutionGuid = {B60F42C9-91DE-4640-B4CB-9511418EA03E}
	EndGlobalSection
EndGlobal
